<?xml version="1.0" encoding="utf-8"?>
<Project ToolsVersion="4.0" xmlns="http://schemas.microsoft.com/developer/msbuild/2003">
  <ItemGroup>
    <Filter Include="Source Files">
      <UniqueIdentifier>{4FC737F1-C7A5-4376-A066-2A32D752A2FF}</UniqueIdentifier>
      <Extensions>cpp;c;cc;cxx;c++;cppm;ixx;def;odl;idl;hpj;bat;asm;asmx</Extensions>
    </Filter>
    <Filter Include="Header Files">
      <UniqueIdentifier>{93995380-89BD-4b04-88EB-625FBE52EBFB}</UniqueIdentifier>
      <Extensions>h;hh;hpp;hxx;h++;hm;inl;inc;ipp;xsd</Extensions>
    </Filter>
    <Filter Include="Resource Files">
      <UniqueIdentifier>{67DA6AB6-F800-4c08-8B7A-83BB121AAD01}</UniqueIdentifier>
      <Extensions>rc;ico;cur;bmp;dlg;rc2;rct;bin;rgs;gif;jpg;jpeg;jpe;resx;tiff;tif;png;wav;mfcribbon-ms</Extensions>
    </Filter>
    <Filter Include="Header Files\Server_Library">
      <UniqueIdentifier>{10796254-322d-4ded-866e-5fe808d5493c}</UniqueIdentifier>
    </Filter>
    <Filter Include="Header Files\Server_Library\Functions">
      <UniqueIdentifier>{c7b0e937-fadc-4bc8-a680-781b5d9e699a}</UniqueIdentifier>
    </Filter>
    <Filter Include="Header Files\Server_Library\Functions\Uncopyable">
      <UniqueIdentifier>{7b64f6d9-2d6f-416f-846c-9b512d7d3c02}</UniqueIdentifier>
    </Filter>
    <Filter Include="Header Files\Server_Library\Functions\Minidump">
      <UniqueIdentifier>{b5debd27-ffd6-4a45-ab46-bc1cf3fccf05}</UniqueIdentifier>
    </Filter>
    <Filter Include="Header Files\Server_Library\Functions\MemoryLeak">
      <UniqueIdentifier>{02de311d-e0dc-413d-9501-0bbf975c8748}</UniqueIdentifier>
    </Filter>
    <Filter Include="Header Files\Server_Library\Functions\Log">
      <UniqueIdentifier>{8ef8b712-7c2b-4d2b-96ba-160f8bf97f73}</UniqueIdentifier>
    </Filter>
    <Filter Include="Header Files\Server_Library\Functions\CriticalSection">
      <UniqueIdentifier>{177bdf8d-a015-4d37-b450-8e7a275974f6}</UniqueIdentifier>
    </Filter>
  </ItemGroup>
  <ItemGroup>
    <ClInclude Include="framework.h">
      <Filter>Header Files</Filter>
    </ClInclude>
    <ClInclude Include="pch.h">
      <Filter>Header Files</Filter>
    </ClInclude>
    <ClInclude Include="Server_Library\Functions\Uncopyable\Uncopyable.hpp">
      <Filter>Header Files\Server_Library\Functions\Uncopyable</Filter>
    </ClInclude>
    <ClInclude Include="Server_Library\Functions\CriticalSection\CriticalSection.hpp">
      <Filter>Header Files\Server_Library\Functions\CriticalSection</Filter>
    </ClInclude>
    <ClInclude Include="Server_Library\Functions\Log\Log.hpp">
      <Filter>Header Files\Server_Library\Functions\Log</Filter>
    </ClInclude>
    <ClInclude Include="Server_Library\Functions\MemoryLeak\MemoryLeak.hpp">
      <Filter>Header Files\Server_Library\Functions\MemoryLeak</Filter>
    </ClInclude>
    <ClInclude Include="Server_Library\Functions\Minidump\Minidump.hpp">
      <Filter>Header Files\Server_Library\Functions\Minidump</Filter>
    </ClInclude>
  </ItemGroup>
  <ItemGroup>
    <ClCompile Include="Server_Library.cpp">
      <Filter>Source Files</Filter>
    </ClCompile>
    <ClCompile Include="pch.cpp">
      <Filter>Source Files</Filter>
    </ClCompile>
  </ItemGroup>
</Project>